
Microsoft Visual Studio Solution File, Format Version 12.00
# Visual Studio Version 17
VisualStudioVersion = 17.8.34330.188
MinimumVisualStudioVersion = 10.0.40219.1
Project("{FAE04EC0-301F-11D3-BF4B-00C04F79EFBC}") = "exomagasincomplet", "exomagasincomplet\exomagasincomplet.csproj", "{DB242C80-6A93-4898-BA58-907569401805}"
EndProject
Global
	GlobalSection(SolutionConfigurationPlatforms) = preSolution
		Debug|Any CPU = Debug|Any CPU
		Release|Any CPU = Release|Any CPU
	EndGlobalSection
	GlobalSection(ProjectConfigurationPlatforms) = postSolution
		{DB242C80-6A93-4898-BA58-907569401805}.Debug|Any CPU.ActiveCfg = Debug|Any CPU
		{DB242C80-6A93-4898-BA58-907569401805}.Debug|Any CPU.Build.0 = Debug|Any CPU
		{DB242C80-6A93-4898-BA58-907569401805}.Release|Any CPU.ActiveCfg = Release|Any CPU
		{DB242C80-6A93-4898-BA58-907569401805}.Release|Any CPU.Build.0 = Release|Any CPU
	EndGlobalSection
	GlobalSection(SolutionProperties) = preSolution
		HideSolutionNode = FALSE
	EndGlobalSection
	GlobalSection(ExtensibilityGlobals) = postSolution
		SolutionGuid = {9492FD4E-7DBE-478F-BA0F-4E7ED9ED1152}
	EndGlobalSection
EndGlobal
